{
	"name": "fibo",
	"version": "1.0.0",
	"lockfileVersion": 3,
	"requires": true,
	"packages": {
		"": {
			"name": "fibo",
			"version": "1.0.0",
			"license": "ISC",
			"workspaces": [
				"packages/*"
			]
		},
		"node_modules/fibo-common": {
			"resolved": "packages/common",
			"link": true
		},
		"node_modules/fibo-database": {
			"resolved": "packages/database",
			"link": true
		},
		"node_modules/fibo-database-mariadb": {
			"resolved": "packages/database-mariadb",
			"link": true
		},
		"node_modules/fibo-html": {
			"resolved": "packages/html",
			"link": true
		},
		"packages/common": {
			"name": "fibo-common",
			"version": "1.0.0",
			"license": "ISC"
		},
		"packages/database": {
			"name": "fibo-database",
			"version": "1.0.0",
			"license": "ISC",
			"dependencies": {
				"fibo-common": "file:../common"
			}
		},
		"packages/database-mariadb": {
			"name": "fibo-database-mariadb",
			"version": "1.0.0",
			"license": "ISC",
			"dependencies": {
				"fibo-database": "file:../database",
				"mariadb": "^3.4.5"
			}
		},
		"packages/database-mariadb/node_modules/@types/geojson": {
			"version": "7946.0.16",
			"license": "MIT"
		},
		"packages/database-mariadb/node_modules/@types/node": {
			"version": "24.10.1",
			"license": "MIT",
			"dependencies": {
				"undici-types": "~7.16.0"
			}
		},
		"packages/database-mariadb/node_modules/denque": {
			"version": "2.1.0",
			"license": "Apache-2.0",
			"engines": {
				"node": ">=0.10"
			}
		},
		"packages/database-mariadb/node_modules/iconv-lite": {
			"version": "0.6.3",
			"license": "MIT",
			"dependencies": {
				"safer-buffer": ">= 2.1.2 < 3.0.0"
			},
			"engines": {
				"node": ">=0.10.0"
			}
		},
		"packages/database-mariadb/node_modules/lru-cache": {
			"version": "10.4.3",
			"license": "ISC"
		},
		"packages/database-mariadb/node_modules/mariadb": {
			"version": "3.4.5",
			"license": "LGPL-2.1-or-later",
			"dependencies": {
				"@types/geojson": "^7946.0.16",
				"@types/node": "^24.0.13",
				"denque": "^2.1.0",
				"iconv-lite": "^0.6.3",
				"lru-cache": "^10.4.3"
			},
			"engines": {
				"node": ">= 14"
			}
		},
		"packages/database-mariadb/node_modules/safer-buffer": {
			"version": "2.1.2",
			"license": "MIT"
		},
		"packages/database-mariadb/node_modules/undici-types": {
			"version": "7.16.0",
			"license": "MIT"
		},
		"packages/html": {
			"name": "fibo-html",
			"version": "1.0.0",
			"license": "ISC",
			"dependencies": {
				"parse5": "^8.0.0"
			}
		},
		"packages/html/node_modules/entities": {
			"version": "6.0.1",
			"license": "BSD-2-Clause",
			"engines": {
				"node": ">=0.12"
			},
			"funding": {
				"url": "https://github.com/fb55/entities?sponsor=1"
			}
		},
		"packages/html/node_modules/parse5": {
			"version": "8.0.0",
			"license": "MIT",
			"dependencies": {
				"entities": "^6.0.0"
			},
			"funding": {
				"url": "https://github.com/inikulin/parse5?sponsor=1"
			}
		}
	}
}
